
Microsoft Visual Studio Solution File, Format Version 12.00
# Visual Studio Version 17
VisualStudioVersion = 17.8.34525.116
MinimumVisualStudioVersion = 10.0.40219.1
Project("{9A19103F-16F7-4668-BE54-9A1E7A4F7556}") = "ConsoleApp", "ConsoleApp\ConsoleApp.csproj", "{3D54F292-92D6-49DA-9DF0-2F2796CA88CC}"
EndProject
Project("{9A19103F-16F7-4668-BE54-9A1E7A4F7556}") = "Business", "Business\Business.csproj", "{F1646346-2DDB-4F3C-A5FC-F0360CDD7186}"
EndProject
Project("{9A19103F-16F7-4668-BE54-9A1E7A4F7556}") = "Entities", "Entities\Entities.csproj", "{3C2A416B-CC75-4D3D-8EF3-137BFD4DBE02}"
EndProject
Project("{FAE04EC0-301F-11D3-BF4B-00C04F79EFBC}") = "DataAccess", "DataAccess\DataAccess.csproj", "{C47D12A2-8052-4E78-BE56-7582845A0E31}"
EndProject
Global
	GlobalSection(SolutionConfigurationPlatforms) = preSolution
		Debug|Any CPU = Debug|Any CPU
		Release|Any CPU = Release|Any CPU
	EndGlobalSection
	GlobalSection(ProjectConfigurationPlatforms) = postSolution
		{3D54F292-92D6-49DA-9DF0-2F2796CA88CC}.Debug|Any CPU.ActiveCfg = Debug|Any CPU
		{3D54F292-92D6-49DA-9DF0-2F2796CA88CC}.Debug|Any CPU.Build.0 = Debug|Any CPU
		{3D54F292-92D6-49DA-9DF0-2F2796CA88CC}.Release|Any CPU.ActiveCfg = Release|Any CPU
		{3D54F292-92D6-49DA-9DF0-2F2796CA88CC}.Release|Any CPU.Build.0 = Release|Any CPU
		{F1646346-2DDB-4F3C-A5FC-F0360CDD7186}.Debug|Any CPU.ActiveCfg = Debug|Any CPU
		{F1646346-2DDB-4F3C-A5FC-F0360CDD7186}.Debug|Any CPU.Build.0 = Debug|Any CPU
		{F1646346-2DDB-4F3C-A5FC-F0360CDD7186}.Release|Any CPU.ActiveCfg = Release|Any CPU
		{F1646346-2DDB-4F3C-A5FC-F0360CDD7186}.Release|Any CPU.Build.0 = Release|Any CPU
		{3C2A416B-CC75-4D3D-8EF3-137BFD4DBE02}.Debug|Any CPU.ActiveCfg = Debug|Any CPU
		{3C2A416B-CC75-4D3D-8EF3-137BFD4DBE02}.Debug|Any CPU.Build.0 = Debug|Any CPU
		{3C2A416B-CC75-4D3D-8EF3-137BFD4DBE02}.Release|Any CPU.ActiveCfg = Release|Any CPU
		{3C2A416B-CC75-4D3D-8EF3-137BFD4DBE02}.Release|Any CPU.Build.0 = Release|Any CPU
		{C47D12A2-8052-4E78-BE56-7582845A0E31}.Debug|Any CPU.ActiveCfg = Debug|Any CPU
		{C47D12A2-8052-4E78-BE56-7582845A0E31}.Debug|Any CPU.Build.0 = Debug|Any CPU
		{C47D12A2-8052-4E78-BE56-7582845A0E31}.Release|Any CPU.ActiveCfg = Release|Any CPU
		{C47D12A2-8052-4E78-BE56-7582845A0E31}.Release|Any CPU.Build.0 = Release|Any CPU
	EndGlobalSection
	GlobalSection(SolutionProperties) = preSolution
		HideSolutionNode = FALSE
	EndGlobalSection
	GlobalSection(ExtensibilityGlobals) = postSolution
		SolutionGuid = {D6BD6AC2-5B14-443C-8462-001767F2EDF4}
	EndGlobalSection
EndGlobal
